// !$*UTF8*$!
{
	archiveVersion = 1;
	classes = {
	};
	objectVersion = 70;
	objects = {

/* Begin PBXBuildFile section */
		2C0E641FD6AD79789A78C9A0 /* ModelPersistenceTests.swift in Sources */ = {isa = PBXBuildFile; fileRef = 3D36420E708F180AF0DFAE1B /* ModelPersistenceTests.swift */; };
		2BE28C68-6411-44 /* ResolutionTests.swift in Sources */ = {isa = PBXBuildFile; fileRef = A8A13FF6-D8AF-44 /* ResolutionTests.swift */; };
		37947D8E7334A2CB7AABF814 /* HindsightCaptureFlowUITests.swift in Sources */ = {isa = PBXBuildFile; fileRef = 514370623BA20CD8BBD293C1 /* HindsightCaptureFlowUITests.swift */; };
		8C0FAADF06583B93D921EA9E /* SampleDataTests.swift in Sources */ = {isa = PBXBuildFile; fileRef = D5766C7542A2FA83D7A09F96 /* SampleDataTests.swift */; };
		8D5A9B3F7E42C4D19A1F5B8C /* StoreBootstrapTests.swift in Sources */ = {isa = PBXBuildFile; fileRef = 7C4E8A2B3D19E5F4A2B6C8D9 /* StoreBootstrapTests.swift */; };
		55B57788EE4E4E95B5BB595A /* DemoDataSafetyTests.swift in Sources */ = {isa = PBXBuildFile; fileRef = DECE77A14054492EB7BF267D /* DemoDataSafetyTests.swift */; };
		7F3A9C1B2D8E4F5A6B7C9D0E /* PersistenceBoundaryTests.swift in Sources */ = {isa = PBXBuildFile; fileRef = 9E8B7C6D5A4F3E2D1C0B9A8F /* PersistenceBoundaryTests.swift */; };
		9CCF4259388BAC7E2CF1A322 /* Foundation.framework in Frameworks */ = {isa = PBXBuildFile; fileRef = 036FF59B35EDBD9D983C21D1 /* Foundation.framework */; };
		BB0BBF582CC05B6D7AE94CF4 /* Foundation.framework in Frameworks */ = {isa = PBXBuildFile; fileRef = 036FF59B35EDBD9D983C21D1 /* Foundation.framework */; };
		E2C6A7F4A67AF7B3AC2D753B /* StatisticsTests.swift in Sources */ = {isa = PBXBuildFile; fileRef = 1B84E31B2BCDC7044BD63CC5 /* StatisticsTests.swift */; };
		FBDC1F46A17FF0348720DE5F /* ClarityScoreTests.swift in Sources */ = {isa = PBXBuildFile; fileRef = 9A8777BBCC3DABBB6C8CBCBD /* ClarityScoreTests.swift */; };
/* End PBXBuildFile section */

/* Begin PBXContainerItemProxy section */
		094A271A9DA60710C80C13CF /* PBXContainerItemProxy */ = {
			isa = PBXContainerItemProxy;
			containerPortal = A100000000000000000000A1 /* Project object */;
			proxyType = 1;
			remoteGlobalIDString = A100000000000000000000F1;
			remoteInfo = Hindsight;
		};
		5CCEE83C8BDD0B38D23245ED /* PBXContainerItemProxy */ = {
			isa = PBXContainerItemProxy;
			containerPortal = A100000000000000000000A1 /* Project object */;
			proxyType = 1;
			remoteGlobalIDString = A100000000000000000000F1;
			remoteInfo = Hindsight;
		};
/* End PBXContainerItemProxy section */

/* Begin PBXFileReference section */
		036FF59B35EDBD9D983C21D1 /* Foundation.framework */ = {isa = PBXFileReference; lastKnownFileType = wrapper.framework; name = Foundation.framework; path = Platforms/iPhoneOS.platform/Developer/SDKs/iPhoneOS18.0.sdk/System/Library/Frameworks/Foundation.framework; sourceTree = DEVELOPER_DIR; };
		1B84E31B2BCDC7044BD63CC5 /* StatisticsTests.swift */ = {isa = PBXFileReference; includeInIndex = 1; lastKnownFileType = sourcecode.swift; path = StatisticsTests.swift; sourceTree = "<group>"; };
		3D36420E708F180AF0DFAE1B /* ModelPersistenceTests.swift */ = {isa = PBXFileReference; includeInIndex = 1; lastKnownFileType = sourcecode.swift; path = ModelPersistenceTests.swift; sourceTree = "<group>"; };
		A8A13FF6-D8AF-44 /* ResolutionTests.swift */ = {isa = PBXFileReference; includeInIndex = 1; lastKnownFileType = sourcecode.swift; path = ResolutionTests.swift; sourceTree = "<group>"; };
		40761C85F1EF1906656F4B9F /* HindsightTests.xctest */ = {isa = PBXFileReference; explicitFileType = wrapper.cfbundle; includeInIndex = 0; path = HindsightTests.xctest; sourceTree = BUILT_PRODUCTS_DIR; };
		A100000000000000000000E1 /* Hindsight.app */ = {isa = PBXFileReference; explicitFileType = wrapper.application; includeInIndex = 0; path = Hindsight.app; sourceTree = BUILT_PRODUCTS_DIR; };
		514370623BA20CD8BBD293C1 /* HindsightCaptureFlowUITests.swift */ = {isa = PBXFileReference; includeInIndex = 1; lastKnownFileType = sourcecode.swift; path = HindsightCaptureFlowUITests.swift; sourceTree = "<group>"; };
		9A8777BBCC3DABBB6C8CBCBD /* ClarityScoreTests.swift */ = {isa = PBXFileReference; includeInIndex = 1; lastKnownFileType = sourcecode.swift; path = ClarityScoreTests.swift; sourceTree = "<group>"; };
		B19F1AF8C34823F3A3BAAC2B /* HindsightUITests.xctest */ = {isa = PBXFileReference; explicitFileType = wrapper.cfbundle; includeInIndex = 0; path = HindsightUITests.xctest; sourceTree = BUILT_PRODUCTS_DIR; };
		7C4E8A2B3D19E5F4A2B6C8D9 /* StoreBootstrapTests.swift */ = {isa = PBXFileReference; includeInIndex = 1; lastKnownFileType = sourcecode.swift; path = StoreBootstrapTests.swift; sourceTree = "<group>"; };
		DECE77A14054492EB7BF267D /* DemoDataSafetyTests.swift */ = {isa = PBXFileReference; includeInIndex = 1; lastKnownFileType = sourcecode.swift; path = DemoDataSafetyTests.swift; sourceTree = "<group>"; };
		9E8B7C6D5A4F3E2D1C0B9A8F /* PersistenceBoundaryTests.swift */ = {isa = PBXFileReference; includeInIndex = 1; lastKnownFileType = sourcecode.swift; path = PersistenceBoundaryTests.swift; sourceTree = "<group>"; };
		D5766C7542A2FA83D7A09F96 /* SampleDataTests.swift */ = {isa = PBXFileReference; includeInIndex = 1; lastKnownFileType = sourcecode.swift; path = SampleDataTests.swift; sourceTree = "<group>"; };
/* End PBXFileReference section */

/* Begin PBXFileSystemSynchronizedRootGroup section */
		A100000000000000000000B1 /* Hindsight */ = {
			isa = PBXFileSystemSynchronizedRootGroup;
			exceptions = (
			);
			explicitFileTypes = {
			};
			explicitFolders = (
			);
			path = Hindsight;
			sourceTree = "<group>";
		};
/* End PBXFileSystemSynchronizedRootGroup section */

/* Begin PBXFrameworksBuildPhase section */
		3966A1F5197295D7BCA77B07 /* Frameworks */ = {
			isa = PBXFrameworksBuildPhase;
			buildActionMask = 2147483647;
			files = (
				BB0BBF582CC05B6D7AE94CF4 /* Foundation.framework in Frameworks */,
			);
			runOnlyForDeploymentPostprocessing = 0;
		};
		A10000000000000000000104 /* Frameworks */ = {
			isa = PBXFrameworksBuildPhase;
			buildActionMask = 2147483647;
			files = (
			);
			runOnlyForDeploymentPostprocessing = 0;
		};
		F3E779DC7DF520945AE43AA8 /* Frameworks */ = {
			isa = PBXFrameworksBuildPhase;
			buildActionMask = 2147483647;
			files = (
				9CCF4259388BAC7E2CF1A322 /* Foundation.framework in Frameworks */,
			);
			runOnlyForDeploymentPostprocessing = 0;
		};
/* End PBXFrameworksBuildPhase section */

/* Begin PBXGroup section */
		043291A72D834E1A539F0F5C /* Frameworks */ = {
			isa = PBXGroup;
			children = (
				A31CD69BDEC7FD6EF6992A6A /* iOS */,
			);
			name = Frameworks;
			sourceTree = "<group>";
		};
		A100000000000000000000C1 = {
			isa = PBXGroup;
			children = (
				A100000000000000000000B1 /* Hindsight */,
				A100000000000000000000D1 /* Products */,
				043291A72D834E1A539F0F5C /* Frameworks */,
				DBB7883A37A8BE1EC3347B71 /* HindsightTests */,
				A158F3C5A4D5F39A525AB723 /* HindsightUITests */,
			);
			sourceTree = "<group>";
		};
		A100000000000000000000D1 /* Products */ = {
			isa = PBXGroup;
			children = (
				A100000000000000000000E1 /* Hindsight.app */,
				40761C85F1EF1906656F4B9F /* HindsightTests.xctest */,
				B19F1AF8C34823F3A3BAAC2B /* HindsightUITests.xctest */,
			);
			name = Products;
			sourceTree = "<group>";
		};
		A158F3C5A4D5F39A525AB723 /* HindsightUITests */ = {
			isa = PBXGroup;
			children = (
				514370623BA20CD8BBD293C1 /* HindsightCaptureFlowUITests.swift */,
			);
			name = HindsightUITests;
			path = HindsightUITests;
			sourceTree = "<group>";
		};
		A31CD69BDEC7FD6EF6992A6A /* iOS */ = {
			isa = PBXGroup;
			children = (
				036FF59B35EDBD9D983C21D1 /* Foundation.framework */,
			);
			name = iOS;
			sourceTree = "<group>";
		};
		DBB7883A37A8BE1EC3347B71 /* HindsightTests */ = {
			isa = PBXGroup;
			children = (
				9A8777BBCC3DABBB6C8CBCBD /* ClarityScoreTests.swift */,
				3D36420E708F180AF0DFAE1B /* ModelPersistenceTests.swift */,
				D5766C7542A2FA83D7A09F96 /* SampleDataTests.swift */,
				7C4E8A2B3D19E5F4A2B6C8D9 /* StoreBootstrapTests.swift */,
				DECE77A14054492EB7BF267D /* DemoDataSafetyTests.swift */,
				9E8B7C6D5A4F3E2D1C0B9A8F /* PersistenceBoundaryTests.swift */,
				1B84E31B2BCDC7044BD63CC5 /* StatisticsTests.swift */,
				A8A13FF6-D8AF-44 /* ResolutionTests.swift */,
			);
			name = HindsightTests;
			path = HindsightTests;
			sourceTree = "<group>";
		};
/* End PBXGroup section */

/* Begin PBXNativeTarget section */
		40036F34BFCFB4C3F213C159 /* HindsightUITests */ = {
			isa = PBXNativeTarget;
			buildConfigurationList = 5F393B9CC660EDF6A82F6516 /* Build configuration list for PBXNativeTarget "HindsightUITests" */;
			buildPhases = (
				C28595F95BEB9F8E54ED570C /* Sources */,
				F3E779DC7DF520945AE43AA8 /* Frameworks */,
				BA9601C8479172C0510328E4 /* Resources */,
			);
			buildRules = (
			);
			dependencies = (
				430DAA0A2BCD906DBFAE8BEE /* PBXTargetDependency */,
			);
			name = HindsightUITests;
			productName = HindsightUITests;
			productReference = B19F1AF8C34823F3A3BAAC2B /* HindsightUITests.xctest */;
			productType = "com.apple.product-type.bundle.ui-testing";
		};
		5DA732724968C3EB1E47AE80 /* HindsightTests */ = {
			isa = PBXNativeTarget;
			buildConfigurationList = 7A7CDF548673B48C16FAEB96 /* Build configuration list for PBXNativeTarget "HindsightTests" */;
			buildPhases = (
				2F7B4B3E561778474B4D5312 /* Sources */,
				3966A1F5197295D7BCA77B07 /* Frameworks */,
				36FF9E99ADDED8BAE443E72A /* Resources */,
			);
			buildRules = (
			);
			dependencies = (
				EEF8CF702636132CA076F090 /* PBXTargetDependency */,
			);
			name = HindsightTests;
			productName = HindsightTests;
			productReference = 40761C85F1EF1906656F4B9F /* HindsightTests.xctest */;
			productType = "com.apple.product-type.bundle.unit-test";
		};
		A100000000000000000000F1 /* Hindsight */ = {
			isa = PBXNativeTarget;
			buildConfigurationList = A10000000000000000000101 /* Build configuration list for PBXNativeTarget "Hindsight" */;
			buildPhases = (
				A10000000000000000000103 /* Sources */,
				A10000000000000000000104 /* Frameworks */,
				A10000000000000000000105 /* Resources */,
			);
			buildRules = (
			);
			dependencies = (
			);
			fileSystemSynchronizedGroups = (
				A100000000000000000000B1 /* Hindsight */,
			);
			name = Hindsight;
			productName = Hindsight;
			productReference = A100000000000000000000E1 /* Hindsight.app */;
			productType = "com.apple.product-type.application";
		};
/* End PBXNativeTarget section */

/* Begin PBXProject section */
		A100000000000000000000A1 /* Project object */ = {
			isa = PBXProject;
			attributes = {
				BuildIndependentTargetsInParallel = 1;
				LastSwiftUpdateCheck = 1600;
				LastUpgradeCheck = 1600;
				TargetAttributes = {
					40036F34BFCFB4C3F213C159 = {
						CreatedOnToolsVersion = 16.0;
						TestTargetID = A100000000000000000000F1;
					};
					A100000000000000000000F1 = {
						CreatedOnToolsVersion = 16.0;
					};
				};
			};
			buildConfigurationList = A10000000000000000000102 /* Build configuration list for PBXProject "Hindsight" */;
			compatibilityVersion = "Xcode 15.0";
			developmentRegion = en;
			hasScannedForEncodings = 0;
			knownRegions = (
				en,
				Base,
			);
			mainGroup = A100000000000000000000C1;
			minimizedProjectReferenceProxies = 1;
			productRefGroup = A100000000000000000000D1 /* Products */;
			projectDirPath = "";
			projectRoot = "";
			targets = (
				A100000000000000000000F1 /* Hindsight */,
				5DA732724968C3EB1E47AE80 /* HindsightTests */,
				40036F34BFCFB4C3F213C159 /* HindsightUITests */,
			);
		};
/* End PBXProject section */

/* Begin PBXResourcesBuildPhase section */
		36FF9E99ADDED8BAE443E72A /* Resources */ = {
			isa = PBXResourcesBuildPhase;
			buildActionMask = 2147483647;
			files = (
			);
			runOnlyForDeploymentPostprocessing = 0;
		};
		A10000000000000000000105 /* Resources */ = {
			isa = PBXResourcesBuildPhase;
			buildActionMask = 2147483647;
			files = (
			);
			runOnlyForDeploymentPostprocessing = 0;
		};
		BA9601C8479172C0510328E4 /* Resources */ = {
			isa = PBXResourcesBuildPhase;
			buildActionMask = 2147483647;
			files = (
			);
			runOnlyForDeploymentPostprocessing = 0;
		};
/* End PBXResourcesBuildPhase section */

/* Begin PBXSourcesBuildPhase section */
		2F7B4B3E561778474B4D5312 /* Sources */ = {
			isa = PBXSourcesBuildPhase;
			buildActionMask = 2147483647;
			files = (
				FBDC1F46A17FF0348720DE5F /* ClarityScoreTests.swift in Sources */,
				55B57788EE4E4E95B5BB595A /* DemoDataSafetyTests.swift in Sources */,
				2C0E641FD6AD79789A78C9A0 /* ModelPersistenceTests.swift in Sources */,
				8C0FAADF06583B93D921EA9E /* SampleDataTests.swift in Sources */,
				8D5A9B3F7E42C4D19A1F5B8C /* StoreBootstrapTests.swift in Sources */,
				7F3A9C1B2D8E4F5A6B7C9D0E /* PersistenceBoundaryTests.swift in Sources */,
				E2C6A7F4A67AF7B3AC2D753B /* StatisticsTests.swift in Sources */,
				2BE28C68-6411-44 /* ResolutionTests.swift in Sources */,
			);
			runOnlyForDeploymentPostprocessing = 0;
		};
		A10000000000000000000103 /* Sources */ = {
			isa = PBXSourcesBuildPhase;
			buildActionMask = 2147483647;
			files = (
			);
			runOnlyForDeploymentPostprocessing = 0;
		};
		C28595F95BEB9F8E54ED570C /* Sources */ = {
			isa = PBXSourcesBuildPhase;
			buildActionMask = 2147483647;
			files = (
				37947D8E7334A2CB7AABF814 /* HindsightCaptureFlowUITests.swift in Sources */,
			);
			runOnlyForDeploymentPostprocessing = 0;
		};
/* End PBXSourcesBuildPhase section */

/* Begin PBXTargetDependency section */
		430DAA0A2BCD906DBFAE8BEE /* PBXTargetDependency */ = {
			isa = PBXTargetDependency;
			name = Hindsight;
			target = A100000000000000000000F1 /* Hindsight */;
			targetProxy = 094A271A9DA60710C80C13CF /* PBXContainerItemProxy */;
		};
		EEF8CF702636132CA076F090 /* PBXTargetDependency */ = {
			isa = PBXTargetDependency;
			name = Hindsight;
			target = A100000000000000000000F1 /* Hindsight */;
			targetProxy = 5CCEE83C8BDD0B38D23245ED /* PBXContainerItemProxy */;
		};
/* End PBXTargetDependency section */

/* Begin XCBuildConfiguration section */
		13957827B6E497683C0AB6F0 /* Debug */ = {
			isa = XCBuildConfiguration;
			buildSettings = {
				CLANG_ENABLE_OBJC_WEAK = NO;
				CODE_SIGN_STYLE = Automatic;
				CURRENT_PROJECT_VERSION = 1;
				DEVELOPMENT_TEAM = YR2QPBY4TR;
				GENERATE_INFOPLIST_FILE = YES;
				IPHONEOS_DEPLOYMENT_TARGET = 17.0;
				LD_RUNPATH_SEARCH_PATHS = (
					"$(inherited)",
					"@executable_path/Frameworks",
					"@loader_path/Frameworks",
				);
				MARKETING_VERSION = 1.0;
				PRODUCT_BUNDLE_IDENTIFIER = com.hindsight.pchordia.app.uitests;
				PRODUCT_NAME = "$(TARGET_NAME)";
				SWIFT_VERSION = 5.0;
				TARGETED_DEVICE_FAMILY = "1,2";
				TEST_TARGET_NAME = Hindsight;
			};
			name = Debug;
		};
		52A1622C7229C23299F17E1B /* Debug */ = {
			isa = XCBuildConfiguration;
			buildSettings = {
				BUNDLE_LOADER = "$(TEST_HOST)";
				CLANG_ENABLE_OBJC_WEAK = NO;
				CODE_SIGN_STYLE = Automatic;
				CURRENT_PROJECT_VERSION = 1;
				DEVELOPMENT_TEAM = YR2QPBY4TR;
				GENERATE_INFOPLIST_FILE = YES;
				IPHONEOS_DEPLOYMENT_TARGET = 17.0;
				LD_RUNPATH_SEARCH_PATHS = (
					"$(inherited)",
					"@executable_path/Frameworks",
					"@loader_path/Frameworks",
				);
				MARKETING_VERSION = 1.0;
				PRODUCT_BUNDLE_IDENTIFIER = com.hindsight.pchordia.app.tests;
				PRODUCT_NAME = "$(TARGET_NAME)";
				SWIFT_VERSION = 5.0;
				TARGETED_DEVICE_FAMILY = "1,2";
				TEST_HOST = "$(BUILT_PRODUCTS_DIR)/Hindsight.app/$(BUNDLE_EXECUTABLE_FOLDER_PATH)/Hindsight";
			};
			name = Debug;
		};
		645B535FF6259E14C2F16F01 /* Release */ = {
			isa = XCBuildConfiguration;
			buildSettings = {
				CLANG_ENABLE_OBJC_WEAK = NO;
				CODE_SIGN_STYLE = Automatic;
				CURRENT_PROJECT_VERSION = 1;
				DEVELOPMENT_TEAM = YR2QPBY4TR;
				GENERATE_INFOPLIST_FILE = YES;
				IPHONEOS_DEPLOYMENT_TARGET = 17.0;
				LD_RUNPATH_SEARCH_PATHS = (
					"$(inherited)",
					"@executable_path/Frameworks",
					"@loader_path/Frameworks",
				);
				MARKETING_VERSION = 1.0;
				PRODUCT_BUNDLE_IDENTIFIER = com.hindsight.pchordia.app.uitests;
				PRODUCT_NAME = "$(TARGET_NAME)";
				SWIFT_VERSION = 5.0;
				TARGETED_DEVICE_FAMILY = "1,2";
				TEST_TARGET_NAME = Hindsight;
				VALIDATE_PRODUCT = YES;
			};
			name = Release;
		};
		9B2BA563C6229AA2EBC89BE7 /* Release */ = {
			isa = XCBuildConfiguration;
			buildSettings = {
				BUNDLE_LOADER = "$(TEST_HOST)";
				CLANG_ENABLE_OBJC_WEAK = NO;
				CODE_SIGN_STYLE = Automatic;
				CURRENT_PROJECT_VERSION = 1;
				DEVELOPMENT_TEAM = YR2QPBY4TR;
				GENERATE_INFOPLIST_FILE = YES;
				IPHONEOS_DEPLOYMENT_TARGET = 17.0;
				LD_RUNPATH_SEARCH_PATHS = (
					"$(inherited)",
					"@executable_path/Frameworks",
					"@loader_path/Frameworks",
				);
				MARKETING_VERSION = 1.0;
				PRODUCT_BUNDLE_IDENTIFIER = com.hindsight.pchordia.app.tests;
				PRODUCT_NAME = "$(TARGET_NAME)";
				SWIFT_VERSION = 5.0;
				TARGETED_DEVICE_FAMILY = "1,2";
				TEST_HOST = "$(BUILT_PRODUCTS_DIR)/Hindsight.app/$(BUNDLE_EXECUTABLE_FOLDER_PATH)/Hindsight";
				VALIDATE_PRODUCT = YES;
			};
			name = Release;
		};
		A10000000000000000000106 /* Debug */ = {
			isa = XCBuildConfiguration;
			buildSettings = {
				ALWAYS_SEARCH_USER_PATHS = NO;
				ASSETCATALOG_COMPILER_GENERATE_SWIFT_ASSET_SYMBOL_EXTENSIONS = YES;
				CLANG_ANALYZER_NONNULL = YES;
				CLANG_ANALYZER_NUMBER_OBJECT_CONVERSION = YES_AGGRESSIVE;
				CLANG_CXX_LANGUAGE_STANDARD = "gnu++20";
				CLANG_ENABLE_MODULES = YES;
				CLANG_ENABLE_OBJC_ARC = YES;
				CLANG_ENABLE_OBJC_WEAK = YES;
				CLANG_WARN_BLOCK_CAPTURE_AUTORELEASING = YES;
				CLANG_WARN_BOOL_CONVERSION = YES;
				CLANG_WARN_COMMA = YES;
				CLANG_WARN_CONSTANT_CONVERSION = YES;
				CLANG_WARN_DEPRECATED_OBJC_IMPLEMENTATIONS = YES;
				CLANG_WARN_DIRECT_OBJC_ISA_USAGE = YES_ERROR;
				CLANG_WARN_DOCUMENTATION_COMMENTS = YES;
				CLANG_WARN_EMPTY_BODY = YES;
				CLANG_WARN_ENUM_CONVERSION = YES;
				CLANG_WARN_INFINITE_RECURSION = YES;
				CLANG_WARN_INT_CONVERSION = YES;
				CLANG_WARN_NON_LITERAL_NULL_CONVERSION = YES;
				CLANG_WARN_OBJC_IMPLICIT_RETAIN_SELF = YES;
				CLANG_WARN_OBJC_LITERAL_CONVERSION = YES;
				CLANG_WARN_OBJC_ROOT_CLASS = YES_ERROR;
				CLANG_WARN_QUOTED_INCLUDE_IN_FRAMEWORK_HEADER = YES;
				CLANG_WARN_RANGE_LOOP_ANALYSIS = YES;
				CLANG_WARN_STRICT_PROTOTYPES = YES;
				CLANG_WARN_SUSPICIOUS_MOVE = YES;
				CLANG_WARN_UNGUARDED_AVAILABILITY = YES_AGGRESSIVE;
				CLANG_WARN_UNREACHABLE_CODE = YES;
				CLANG_WARN__DUPLICATE_METHOD_MATCH = YES;
				COPY_PHASE_STRIP = NO;
				DEBUG_INFORMATION_FORMAT = dwarf;
				ENABLE_STRICT_OBJC_MSGSEND = YES;
				ENABLE_TESTABILITY = YES;
				ENABLE_USER_SCRIPT_SANDBOXING = YES;
				GCC_C_LANGUAGE_STANDARD = gnu17;
				GCC_DYNAMIC_NO_PIC = NO;
				GCC_NO_COMMON_BLOCKS = YES;
				GCC_OPTIMIZATION_LEVEL = 0;
				GCC_PREPROCESSOR_DEFINITIONS = (
					"DEBUG=1",
					"$(inherited)",
				);
				GCC_WARN_64_TO_32_BIT_CONVERSION = YES;
				GCC_WARN_ABOUT_RETURN_TYPE = YES_ERROR;
				GCC_WARN_UNDECLARED_SELECTOR = YES;
				GCC_WARN_UNINITIALIZED_AUTOS = YES_AGGRESSIVE;
				GCC_WARN_UNUSED_FUNCTION = YES;
				GCC_WARN_UNUSED_VARIABLE = YES;
				IPHONEOS_DEPLOYMENT_TARGET = 17.0;
				LOCALIZATION_PREFERS_STRING_CATALOGS = YES;
				MTL_ENABLE_DEBUG_INFO = INCLUDE_SOURCE;
				MTL_FAST_MATH = YES;
				ONLY_ACTIVE_ARCH = YES;
				SDKROOT = iphoneos;
				SWIFT_ACTIVE_COMPILATION_CONDITIONS = "DEBUG $(inherited)";
				SWIFT_OPTIMIZATION_LEVEL = "-Onone";
			};
			name = Debug;
		};
		A10000000000000000000107 /* Release */ = {
			isa = XCBuildConfiguration;
			buildSettings = {
				ALWAYS_SEARCH_USER_PATHS = NO;
				ASSETCATALOG_COMPILER_GENERATE_SWIFT_ASSET_SYMBOL_EXTENSIONS = YES;
				CLANG_ANALYZER_NONNULL = YES;
				CLANG_ANALYZER_NUMBER_OBJECT_CONVERSION = YES_AGGRESSIVE;
				CLANG_CXX_LANGUAGE_STANDARD = "gnu++20";
				CLANG_ENABLE_MODULES = YES;
				CLANG_ENABLE_OBJC_ARC = YES;
				CLANG_ENABLE_OBJC_WEAK = YES;
				CLANG_WARN_BLOCK_CAPTURE_AUTORELEASING = YES;
				CLANG_WARN_BOOL_CONVERSION = YES;
				CLANG_WARN_COMMA = YES;
				CLANG_WARN_CONSTANT_CONVERSION = YES;
				CLANG_WARN_DEPRECATED_OBJC_IMPLEMENTATIONS = YES;
				CLANG_WARN_DIRECT_OBJC_ISA_USAGE = YES_ERROR;
				CLANG_WARN_DOCUMENTATION_COMMENTS = YES;
				CLANG_WARN_EMPTY_BODY = YES;
				CLANG_WARN_ENUM_CONVERSION = YES;
				CLANG_WARN_INFINITE_RECURSION = YES;
				CLANG_WARN_INT_CONVERSION = YES;
				CLANG_WARN_NON_LITERAL_NULL_CONVERSION = YES;
				CLANG_WARN_OBJC_IMPLICIT_RETAIN_SELF = YES;
				CLANG_WARN_OBJC_LITERAL_CONVERSION = YES;
				CLANG_WARN_OBJC_ROOT_CLASS = YES_ERROR;
				CLANG_WARN_QUOTED_INCLUDE_IN_FRAMEWORK_HEADER = YES;
				CLANG_WARN_RANGE_LOOP_ANALYSIS = YES;
				CLANG_WARN_STRICT_PROTOTYPES = YES;
				CLANG_WARN_SUSPICIOUS_MOVE = YES;
				CLANG_WARN_UNGUARDED_AVAILABILITY = YES_AGGRESSIVE;
				CLANG_WARN_UNREACHABLE_CODE = YES;
				CLANG_WARN__DUPLICATE_METHOD_MATCH = YES;
				COPY_PHASE_STRIP = NO;
				DEBUG_INFORMATION_FORMAT = "dwarf-with-dsym";
				ENABLE_NS_ASSERTIONS = NO;
				ENABLE_STRICT_OBJC_MSGSEND = YES;
				ENABLE_USER_SCRIPT_SANDBOXING = YES;
				GCC_C_LANGUAGE_STANDARD = gnu17;
				GCC_NO_COMMON_BLOCKS = YES;
				GCC_WARN_64_TO_32_BIT_CONVERSION = YES;
				GCC_WARN_ABOUT_RETURN_TYPE = YES_ERROR;
				GCC_WARN_UNDECLARED_SELECTOR = YES;
				GCC_WARN_UNINITIALIZED_AUTOS = YES_AGGRESSIVE;
				GCC_WARN_UNUSED_FUNCTION = YES;
				GCC_WARN_UNUSED_VARIABLE = YES;
				IPHONEOS_DEPLOYMENT_TARGET = 17.0;
				LOCALIZATION_PREFERS_STRING_CATALOGS = YES;
				MTL_ENABLE_DEBUG_INFO = NO;
				MTL_FAST_MATH = YES;
				SDKROOT = iphoneos;
				SWIFT_COMPILATION_MODE = wholemodule;
				VALIDATE_PRODUCT = YES;
			};
			name = Release;
		};
		A10000000000000000000108 /* Debug */ = {
			isa = XCBuildConfiguration;
			buildSettings = {
				ASSETCATALOG_COMPILER_APPICON_NAME = AppIcon;
				ASSETCATALOG_COMPILER_GLOBAL_ACCENT_COLOR_NAME = AccentColor;
				CODE_SIGN_STYLE = Automatic;
				CURRENT_PROJECT_VERSION = 1;
				DEVELOPMENT_ASSET_PATHS = "\"Hindsight/Preview Content\"";
				DEVELOPMENT_TEAM = YR2QPBY4TR;
				ENABLE_PREVIEWS = YES;
				GENERATE_INFOPLIST_FILE = YES;
				INFOPLIST_FILE = "Hindsight-Info.plist";
				INFOPLIST_KEY_UIApplicationSceneManifest_Generation = YES;
				INFOPLIST_KEY_UIApplicationSupportsIndirectInputEvents = YES;
				INFOPLIST_KEY_UISupportedInterfaceOrientations_iPad = "UIInterfaceOrientationPortrait UIInterfaceOrientationPortraitUpsideDown UIInterfaceOrientationLandscapeLeft UIInterfaceOrientationLandscapeRight";
				INFOPLIST_KEY_UISupportedInterfaceOrientations_iPhone = "UIInterfaceOrientationPortrait UIInterfaceOrientationLandscapeLeft UIInterfaceOrientationLandscapeRight";
				INFOPLIST_KEY_UIUserInterfaceStyle = Dark;
				IPHONEOS_DEPLOYMENT_TARGET = 17.0;
				LD_RUNPATH_SEARCH_PATHS = (
					"$(inherited)",
					"@executable_path/Frameworks",
				);
				MARKETING_VERSION = 1.0;
				PRODUCT_BUNDLE_IDENTIFIER = com.hindsight.pchordia.app;
				PRODUCT_NAME = "$(TARGET_NAME)";
				SWIFT_EMIT_LOC_STRINGS = YES;
				SWIFT_VERSION = 5.0;
				TARGETED_DEVICE_FAMILY = "1,2";
			};
			name = Debug;
		};
		A10000000000000000000109 /* Release */ = {
			isa = XCBuildConfiguration;
			buildSettings = {
				ASSETCATALOG_COMPILER_APPICON_NAME = AppIcon;
				ASSETCATALOG_COMPILER_GLOBAL_ACCENT_COLOR_NAME = AccentColor;
				CODE_SIGN_STYLE = Automatic;
				CURRENT_PROJECT_VERSION = 1;
				DEVELOPMENT_ASSET_PATHS = "\"Hindsight/Preview Content\"";
				DEVELOPMENT_TEAM = YR2QPBY4TR;
				ENABLE_PREVIEWS = YES;
				GENERATE_INFOPLIST_FILE = YES;
				INFOPLIST_FILE = "Hindsight-Info.plist";
				INFOPLIST_KEY_UIApplicationSceneManifest_Generation = YES;
				INFOPLIST_KEY_UIApplicationSupportsIndirectInputEvents = YES;
				INFOPLIST_KEY_UISupportedInterfaceOrientations_iPad = "UIInterfaceOrientationPortrait UIInterfaceOrientationPortraitUpsideDown UIInterfaceOrientationLandscapeLeft UIInterfaceOrientationLandscapeRight";
				INFOPLIST_KEY_UISupportedInterfaceOrientations_iPhone = "UIInterfaceOrientationPortrait UIInterfaceOrientationLandscapeLeft UIInterfaceOrientationLandscapeRight";
				INFOPLIST_KEY_UIUserInterfaceStyle = Dark;
				IPHONEOS_DEPLOYMENT_TARGET = 17.0;
				LD_RUNPATH_SEARCH_PATHS = (
					"$(inherited)",
					"@executable_path/Frameworks",
				);
				MARKETING_VERSION = 1.0;
				PRODUCT_BUNDLE_IDENTIFIER = com.hindsight.pchordia.app;
				PRODUCT_NAME = "$(TARGET_NAME)";
				SWIFT_EMIT_LOC_STRINGS = YES;
				SWIFT_VERSION = 5.0;
				TARGETED_DEVICE_FAMILY = "1,2";
			};
			name = Release;
		};
/* End XCBuildConfiguration section */

/* Begin XCConfigurationList section */
		5F393B9CC660EDF6A82F6516 /* Build configuration list for PBXNativeTarget "HindsightUITests" */ = {
			isa = XCConfigurationList;
			buildConfigurations = (
				645B535FF6259E14C2F16F01 /* Release */,
				13957827B6E497683C0AB6F0 /* Debug */,
			);
			defaultConfigurationIsVisible = 0;
			defaultConfigurationName = Release;
		};
		7A7CDF548673B48C16FAEB96 /* Build configuration list for PBXNativeTarget "HindsightTests" */ = {
			isa = XCConfigurationList;
			buildConfigurations = (
				9B2BA563C6229AA2EBC89BE7 /* Release */,
				52A1622C7229C23299F17E1B /* Debug */,
			);
			defaultConfigurationIsVisible = 0;
			defaultConfigurationName = Release;
		};
		A10000000000000000000101 /* Build configuration list for PBXNativeTarget "Hindsight" */ = {
			isa = XCConfigurationList;
			buildConfigurations = (
				A10000000000000000000108 /* Debug */,
				A10000000000000000000109 /* Release */,
			);
			defaultConfigurationIsVisible = 0;
			defaultConfigurationName = Release;
		};
		A10000000000000000000102 /* Build configuration list for PBXProject "Hindsight" */ = {
			isa = XCConfigurationList;
			buildConfigurations = (
				A10000000000000000000106 /* Debug */,
				A10000000000000000000107 /* Release */,
			);
			defaultConfigurationIsVisible = 0;
			defaultConfigurationName = Release;
		};
/* End XCConfigurationList section */
	};
	rootObject = A100000000000000000000A1 /* Project object */;
}
